
Microsoft Visual Studio Solution File, Format Version 12.00
# Visual Studio Version 17
VisualStudioVersion = 17.2.32602.215
MinimumVisualStudioVersion = 10.0.40219.1
Project("{FAE04EC0-301F-11D3-BF4B-00C04F79EFBC}") = "TradeMexClient", "TradeMexClient\TradeMexClient.csproj", "{24F02D0E-05A0-4422-8EED-0F855DD8379C}"
EndProject
Global
	GlobalSection(SolutionConfigurationPlatforms) = preSolution
		Debug|Any CPU = Debug|Any CPU
		Release|Any CPU = Release|Any CPU
	EndGlobalSection
	GlobalSection(ProjectConfigurationPlatforms) = postSolution
		{24F02D0E-05A0-4422-8EED-0F855DD8379C}.Debug|Any CPU.ActiveCfg = Debug|Any CPU
		{24F02D0E-05A0-4422-8EED-0F855DD8379C}.Debug|Any CPU.Build.0 = Debug|Any CPU
		{24F02D0E-05A0-4422-8EED-0F855DD8379C}.Release|Any CPU.ActiveCfg = Release|Any CPU
		{24F02D0E-05A0-4422-8EED-0F855DD8379C}.Release|Any CPU.Build.0 = Release|Any CPU
	EndGlobalSection
	GlobalSection(SolutionProperties) = preSolution
		HideSolutionNode = FALSE
	EndGlobalSection
	GlobalSection(ExtensibilityGlobals) = postSolution
		SolutionGuid = {C7A3265E-99E8-4A90-88ED-C0BC081CFF84}
	EndGlobalSection
EndGlobal
